# -------------------------------------------------------------------------- #
#
# Copyright (C) 2019  Intel Corporation. All rights reserved.
# Your use of Intel Corporation's design tools, logic functions 
# and other software and tools, and any partner logic 
# functions, and any output files from any of the foregoing 
# (including device programming or simulation files), and any 
# associated documentation or information are expressly subject 
# to the terms and conditions of the Intel Program License 
# Subscription Agreement, the Intel Quartus Prime License Agreement,
# the Intel FPGA IP License Agreement, or other applicable license
# agreement, including, without limitation, that your use is for
# the sole purpose of programming logic devices manufactured by
# Intel and sold by Intel or its authorized distributors.  Please
# refer to the applicable agreement for further details, at
# https://fpgasoftware.intel.com/eula.
#
# -------------------------------------------------------------------------- #
#
# Quartus Prime
# Version 19.1.0 Build 670 09/22/2019 SJ Lite Edition
# Date created = 15:24:18  October 01, 2020
#
# -------------------------------------------------------------------------- #
#
# Notes:
#
# 1) The default values for assignments are stored in the file:
#		HomeBrewComputer_assignment_defaults.qdf
#    If this file doesn't exist, see file:
#		assignment_defaults.qdf
#
# 2) Altera recommends that you do not modify this file. This
#    file is updated automatically by the Quartus Prime software
#    and any changes you make may be lost or overwritten.
#
# -------------------------------------------------------------------------- #


set_global_assignment -name FAMILY "Cyclone IV E"
set_global_assignment -name DEVICE EP4CE115F29C7
set_global_assignment -name TOP_LEVEL_ENTITY soc
set_global_assignment -name ORIGINAL_QUARTUS_VERSION 19.1.0
set_global_assignment -name PROJECT_CREATION_TIME_DATE "15:24:18  OCTOBER 01, 2020"
set_global_assignment -name LAST_QUARTUS_VERSION "21.1.0 Lite Edition"
set_global_assignment -name PROJECT_OUTPUT_DIRECTORY output_files
set_global_assignment -name MIN_CORE_JUNCTION_TEMP 0
set_global_assignment -name MAX_CORE_JUNCTION_TEMP 85
set_global_assignment -name ERROR_CHECK_FREQUENCY_DIVISOR 1
set_global_assignment -name POWER_PRESET_COOLING_SOLUTION "23 MM HEAT SINK WITH 200 LFPM AIRFLOW"
set_global_assignment -name POWER_BOARD_THERMAL_MODEL "NONE (CONSERVATIVE)"
set_global_assignment -name EDA_SIMULATION_TOOL "Questa Intel FPGA (Verilog)"
set_global_assignment -name EDA_TIME_SCALE "1 ps" -section_id eda_simulation
set_global_assignment -name EDA_OUTPUT_DATA_FORMAT "VERILOG HDL" -section_id eda_simulation
set_global_assignment -name EDA_TEST_BENCH_ENABLE_STATUS TEST_BENCH_MODE -section_id eda_simulation
set_global_assignment -name EDA_NATIVELINK_SIMULATION_TEST_BENCH test -section_id eda_simulation
set_global_assignment -name EDA_TEST_BENCH_NAME cache_t -section_id eda_simulation
set_global_assignment -name EDA_DESIGN_INSTANCE_NAME NA -section_id cache_t
set_global_assignment -name EDA_TEST_BENCH_MODULE_NAME cache_t -section_id cache_t
set_global_assignment -name EDA_TEST_BENCH_NAME test -section_id eda_simulation
set_global_assignment -name EDA_DESIGN_INSTANCE_NAME NA -section_id test
set_global_assignment -name EDA_TEST_BENCH_MODULE_NAME test -section_id test
set_global_assignment -name EDA_TEST_BENCH_FILE cache_t.v -section_id cache_t
set_global_assignment -name EDA_TEST_BENCH_FILE simulation/modelsim/cache_t.vt -section_id test
set_global_assignment -name DEVICE_FILTER_SPEED_GRADE FASTEST
set_global_assignment -name EDA_GENERATE_FUNCTIONAL_NETLIST OFF -section_id eda_board_design_symbol
set_global_assignment -name EDA_GENERATE_FUNCTIONAL_NETLIST OFF -section_id eda_board_design_signal_integrity
set_global_assignment -name EDA_GENERATE_FUNCTIONAL_NETLIST OFF -section_id eda_board_design_timing
set_global_assignment -name EDA_GENERATE_FUNCTIONAL_NETLIST OFF -section_id eda_board_design_boundary_scan
set_global_assignment -name OPTIMIZATION_MODE "HIGH PERFORMANCE EFFORT"
set_instance_assignment -name BOARD_MODEL_NEAR_PULLDOWN_R 30000 -to ready_o
set_instance_assignment -name BOARD_MODEL_FAR_PULLDOWN_R 50000 -to address_o
set_instance_assignment -name BOARD_MODEL_FAR_PULLDOWN_R 50000 -to address_o[31]
set_instance_assignment -name BOARD_MODEL_FAR_PULLDOWN_R 50000 -to address_o[30]
set_instance_assignment -name BOARD_MODEL_FAR_PULLDOWN_R 50000 -to address_o[29]
set_instance_assignment -name BOARD_MODEL_FAR_PULLDOWN_R 50000 -to address_o[28]
set_instance_assignment -name BOARD_MODEL_FAR_PULLDOWN_R 50000 -to address_o[27]
set_instance_assignment -name BOARD_MODEL_FAR_PULLDOWN_R 50000 -to address_o[26]
set_instance_assignment -name BOARD_MODEL_FAR_PULLDOWN_R 50000 -to address_o[25]
set_instance_assignment -name BOARD_MODEL_FAR_PULLDOWN_R 50000 -to address_o[24]
set_instance_assignment -name BOARD_MODEL_FAR_PULLDOWN_R 50000 -to address_o[23]
set_instance_assignment -name BOARD_MODEL_FAR_PULLDOWN_R 50000 -to address_o[22]
set_instance_assignment -name BOARD_MODEL_FAR_PULLDOWN_R 50000 -to address_o[21]
set_instance_assignment -name BOARD_MODEL_FAR_PULLDOWN_R 50000 -to address_o[20]
set_instance_assignment -name BOARD_MODEL_FAR_PULLDOWN_R 50000 -to address_o[19]
set_instance_assignment -name BOARD_MODEL_FAR_PULLDOWN_R 50000 -to address_o[18]
set_instance_assignment -name BOARD_MODEL_FAR_PULLDOWN_R 50000 -to address_o[17]
set_instance_assignment -name BOARD_MODEL_FAR_PULLDOWN_R 50000 -to address_o[16]
set_instance_assignment -name BOARD_MODEL_FAR_PULLDOWN_R 50000 -to address_o[15]
set_instance_assignment -name BOARD_MODEL_FAR_PULLDOWN_R 50000 -to address_o[14]
set_instance_assignment -name BOARD_MODEL_FAR_PULLDOWN_R 50000 -to address_o[13]
set_instance_assignment -name BOARD_MODEL_FAR_PULLDOWN_R 50000 -to address_o[12]
set_instance_assignment -name BOARD_MODEL_FAR_PULLDOWN_R 50000 -to address_o[11]
set_instance_assignment -name BOARD_MODEL_FAR_PULLDOWN_R 50000 -to address_o[10]
set_instance_assignment -name BOARD_MODEL_FAR_PULLDOWN_R 50000 -to address_o[9]
set_instance_assignment -name BOARD_MODEL_FAR_PULLDOWN_R 50000 -to address_o[8]
set_instance_assignment -name BOARD_MODEL_FAR_PULLDOWN_R 50000 -to address_o[7]
set_instance_assignment -name BOARD_MODEL_FAR_PULLDOWN_R 50000 -to address_o[6]
set_instance_assignment -name BOARD_MODEL_FAR_PULLDOWN_R 50000 -to address_o[5]
set_instance_assignment -name BOARD_MODEL_FAR_PULLDOWN_R 50000 -to address_o[4]
set_instance_assignment -name BOARD_MODEL_FAR_PULLDOWN_R 50000 -to address_o[3]
set_instance_assignment -name BOARD_MODEL_FAR_PULLDOWN_R 50000 -to address_o[2]
set_instance_assignment -name BOARD_MODEL_FAR_PULLDOWN_R 50000 -to address_o[1]
set_instance_assignment -name BOARD_MODEL_FAR_PULLDOWN_R 50000 -to address_o[0]
set_instance_assignment -name BOARD_MODEL_FAR_PULLDOWN_R 50000 -to data_o
set_instance_assignment -name BOARD_MODEL_FAR_PULLDOWN_R 50000 -to data_o[31]
set_instance_assignment -name BOARD_MODEL_FAR_PULLDOWN_R 50000 -to data_o[30]
set_instance_assignment -name BOARD_MODEL_FAR_PULLDOWN_R 50000 -to data_o[29]
set_instance_assignment -name BOARD_MODEL_FAR_PULLDOWN_R 50000 -to data_o[28]
set_instance_assignment -name BOARD_MODEL_FAR_PULLDOWN_R 50000 -to data_o[27]
set_instance_assignment -name BOARD_MODEL_FAR_PULLDOWN_R 50000 -to data_o[26]
set_instance_assignment -name BOARD_MODEL_FAR_PULLDOWN_R 50000 -to data_o[25]
set_instance_assignment -name BOARD_MODEL_FAR_PULLDOWN_R 50000 -to data_o[24]
set_instance_assignment -name BOARD_MODEL_FAR_PULLDOWN_R 50000 -to data_o[23]
set_instance_assignment -name BOARD_MODEL_FAR_PULLDOWN_R 50000 -to data_o[22]
set_instance_assignment -name BOARD_MODEL_FAR_PULLDOWN_R 50000 -to data_o[21]
set_instance_assignment -name BOARD_MODEL_FAR_PULLDOWN_R 50000 -to data_o[20]
set_instance_assignment -name BOARD_MODEL_FAR_PULLDOWN_R 50000 -to data_o[19]
set_instance_assignment -name BOARD_MODEL_FAR_PULLDOWN_R 50000 -to data_o[18]
set_instance_assignment -name BOARD_MODEL_FAR_PULLDOWN_R 50000 -to data_o[17]
set_instance_assignment -name BOARD_MODEL_FAR_PULLDOWN_R 50000 -to data_o[16]
set_instance_assignment -name BOARD_MODEL_FAR_PULLDOWN_R 50000 -to data_o[15]
set_instance_assignment -name BOARD_MODEL_FAR_PULLDOWN_R 50000 -to data_o[14]
set_instance_assignment -name BOARD_MODEL_FAR_PULLDOWN_R 50000 -to data_o[13]
set_instance_assignment -name BOARD_MODEL_FAR_PULLDOWN_R 50000 -to data_o[12]
set_instance_assignment -name BOARD_MODEL_FAR_PULLDOWN_R 50000 -to data_o[11]
set_instance_assignment -name BOARD_MODEL_FAR_PULLDOWN_R 50000 -to data_o[10]
set_instance_assignment -name BOARD_MODEL_FAR_PULLDOWN_R 50000 -to data_o[9]
set_instance_assignment -name BOARD_MODEL_FAR_PULLDOWN_R 50000 -to data_o[8]
set_instance_assignment -name BOARD_MODEL_FAR_PULLDOWN_R 50000 -to data_o[7]
set_instance_assignment -name BOARD_MODEL_FAR_PULLDOWN_R 50000 -to data_o[6]
set_instance_assignment -name BOARD_MODEL_FAR_PULLDOWN_R 50000 -to data_o[5]
set_instance_assignment -name BOARD_MODEL_FAR_PULLDOWN_R 50000 -to data_o[4]
set_instance_assignment -name BOARD_MODEL_FAR_PULLDOWN_R 50000 -to data_o[3]
set_instance_assignment -name BOARD_MODEL_FAR_PULLDOWN_R 50000 -to data_o[2]
set_instance_assignment -name BOARD_MODEL_FAR_PULLDOWN_R 50000 -to data_o[1]
set_instance_assignment -name BOARD_MODEL_FAR_PULLDOWN_R 50000 -to data_o[0]
set_instance_assignment -name IO_STANDARD "3.3-V LVTTL" -to TxD
set_location_assignment PIN_AB22 -to TxD
set_location_assignment PIN_M23 -to clr_in
set_global_assignment -name PARTITION_NETLIST_TYPE SOURCE -section_id Top
set_global_assignment -name PARTITION_FITTER_PRESERVATION_LEVEL PLACEMENT_AND_ROUTING -section_id Top
set_global_assignment -name PARTITION_COLOR 16764057 -section_id Top
set_instance_assignment -name IO_STANDARD "3.3-V LVTTL" -to clr_in
set_global_assignment -name MIF_FILE sim/programs/dhrystone2_1.mif
set_global_assignment -name MIF_FILE src/test.mif
set_global_assignment -name MIF_FILE src/ram.mif
set_global_assignment -name VECTOR_WAVEFORM_FILE testbench/Waveform8.vwf
set_global_assignment -name VECTOR_WAVEFORM_FILE testbench/Waveform7.vwf
set_global_assignment -name VECTOR_WAVEFORM_FILE testbench/Waveform6.vwf
set_global_assignment -name VECTOR_WAVEFORM_FILE testbench/Waveform5.vwf
set_global_assignment -name VECTOR_WAVEFORM_FILE testbench/Waveform4.vwf
set_global_assignment -name VECTOR_WAVEFORM_FILE testbench/Waveform3.vwf
set_global_assignment -name VECTOR_WAVEFORM_FILE testbench/Waveform2.vwf
set_global_assignment -name VECTOR_WAVEFORM_FILE testbench/Waveform1.vwf
set_global_assignment -name VECTOR_WAVEFORM_FILE testbench/Waveform.vwf
set_global_assignment -name VECTOR_WAVEFORM_FILE testbench/shifter_t.vwf
set_global_assignment -name VECTOR_WAVEFORM_FILE testbench/regfile_t.vwf
set_global_assignment -name VECTOR_WAVEFORM_FILE testbench/dummy_slave_t.vwf
set_global_assignment -name VECTOR_WAVEFORM_FILE testbench/dummy_master_t.vwf
set_global_assignment -name VECTOR_WAVEFORM_FILE testbench/dffe32.vwf
set_global_assignment -name VECTOR_WAVEFORM_FILE testbench/clo_clz_t.vwf
set_global_assignment -name VECTOR_WAVEFORM_FILE testbench/cache_t.vwf
set_global_assignment -name VECTOR_WAVEFORM_FILE testbench/bus_t.vwf
set_global_assignment -name VECTOR_WAVEFORM_FILE testbench/bus_control_f.vwf
set_global_assignment -name VECTOR_WAVEFORM_FILE testbench/alu_t.vwf
set_global_assignment -name VECTOR_WAVEFORM_FILE testbench/add_sub_t.vwf
set_global_assignment -name VERILOG_FILE testbench/cpu_t.v
set_global_assignment -name VERILOG_FILE testbench/cache_t_1.v
set_global_assignment -name VERILOG_FILE testbench/cache_t.v
set_global_assignment -name VERILOG_FILE testbench/bus_t.v
set_global_assignment -name VERILOG_FILE src/uart_tx.v
set_global_assignment -name VERILOG_FILE src/timer.v
set_global_assignment -name VERILOG_FILE src/soc.v
set_global_assignment -name VERILOG_FILE src/shifter.v
set_global_assignment -name VERILOG_FILE src/regfile.v
set_global_assignment -name VERILOG_FILE src/dummy_slave_mid.v
set_global_assignment -name VERILOG_FILE src/dummy_slave_fast.v
set_global_assignment -name VERILOG_FILE src/dummy_slave.v
set_global_assignment -name VERILOG_FILE src/dummy_master.v
set_global_assignment -name VERILOG_FILE src/dffe32.v
set_global_assignment -name VERILOG_FILE src/cpu.v
set_global_assignment -name VERILOG_FILE src/control_unit_2stage.v
set_global_assignment -name VERILOG_FILE src/control_unit.v
set_global_assignment -name VERILOG_FILE src/clo_clz.v
set_global_assignment -name VERILOG_FILE src/cahce.v
set_global_assignment -name VERILOG_FILE src/bus_control.v
set_global_assignment -name VERILOG_FILE src/alu.v
set_global_assignment -name VERILOG_FILE src/add_sub.v
set_location_assignment PIN_H22 -to ledo0[6]
set_location_assignment PIN_J22 -to ledo0[5]
set_location_assignment PIN_L25 -to ledo0[4]
set_location_assignment PIN_L26 -to ledo0[3]
set_location_assignment PIN_E17 -to ledo0[2]
set_location_assignment PIN_F22 -to ledo0[1]
set_location_assignment PIN_G18 -to ledo0[0]
set_location_assignment PIN_M24 -to ledo1[0]
set_location_assignment PIN_Y22 -to ledo1[1]
set_location_assignment PIN_W21 -to ledo1[2]
set_location_assignment PIN_W22 -to ledo1[3]
set_location_assignment PIN_W25 -to ledo1[4]
set_location_assignment PIN_U23 -to ledo1[5]
set_location_assignment PIN_U24 -to ledo1[6]
set_location_assignment PIN_AA25 -to ledo2[0]
set_location_assignment PIN_AA26 -to ledo2[1]
set_location_assignment PIN_Y25 -to ledo2[2]
set_location_assignment PIN_W26 -to ledo2[3]
set_location_assignment PIN_Y26 -to ledo2[4]
set_location_assignment PIN_W27 -to ledo2[5]
set_location_assignment PIN_W28 -to ledo2[6]
set_location_assignment PIN_V21 -to ledo3[0]
set_location_assignment PIN_U21 -to ledo3[1]
set_location_assignment PIN_AB20 -to ledo3[2]
set_location_assignment PIN_AA21 -to ledo3[3]
set_location_assignment PIN_AD24 -to ledo3[4]
set_location_assignment PIN_AF23 -to ledo3[5]
set_location_assignment PIN_Y19 -to ledo3[6]
set_location_assignment PIN_AB19 -to ledo4[0]
set_location_assignment PIN_AA19 -to ledo4[1]
set_location_assignment PIN_AG21 -to ledo4[2]
set_location_assignment PIN_AH21 -to ledo4[3]
set_location_assignment PIN_AE19 -to ledo4[4]
set_location_assignment PIN_AF19 -to ledo4[5]
set_location_assignment PIN_AE18 -to ledo4[6]
set_location_assignment PIN_AD18 -to ledo5[0]
set_location_assignment PIN_AC18 -to ledo5[1]
set_location_assignment PIN_AB18 -to ledo5[2]
set_location_assignment PIN_AH19 -to ledo5[3]
set_location_assignment PIN_AG19 -to ledo5[4]
set_location_assignment PIN_AF18 -to ledo5[5]
set_location_assignment PIN_AH18 -to ledo5[6]
set_location_assignment PIN_AA17 -to ledo6[0]
set_location_assignment PIN_AB16 -to ledo6[1]
set_location_assignment PIN_AA16 -to ledo6[2]
set_location_assignment PIN_AB17 -to ledo6[3]
set_location_assignment PIN_AB15 -to ledo6[4]
set_location_assignment PIN_AA15 -to ledo6[5]
set_location_assignment PIN_AC17 -to ledo6[6]
set_location_assignment PIN_AD17 -to ledo7[0]
set_location_assignment PIN_AE17 -to ledo7[1]
set_location_assignment PIN_AG17 -to ledo7[2]
set_location_assignment PIN_AH17 -to ledo7[3]
set_location_assignment PIN_AF17 -to ledo7[4]
set_location_assignment PIN_AG18 -to ledo7[5]
set_location_assignment PIN_AA14 -to ledo7[6]
set_instance_assignment -name IO_STANDARD "3.3-V LVTTL" -to ledo7[0]
set_instance_assignment -name IO_STANDARD "3.3-V LVTTL" -to ledo0[6]
set_instance_assignment -name IO_STANDARD "1.2 V" -to int_num[16]
set_instance_assignment -name IO_STANDARD "3.3-V LVTTL" -to ledo0[5]
set_instance_assignment -name IO_STANDARD "3.3-V LVTTL" -to ledo0[4]
set_instance_assignment -name IO_STANDARD "3.3-V LVTTL" -to ledo0[3]
set_instance_assignment -name IO_STANDARD "3.3-V LVTTL" -to ledo0[2]
set_instance_assignment -name IO_STANDARD "3.3-V LVTTL" -to ledo0[1]
set_instance_assignment -name IO_STANDARD "3.3-V LVTTL" -to ledo0[0]
set_instance_assignment -name IO_STANDARD "3.3-V LVTTL" -to ledo0
set_instance_assignment -name IO_STANDARD "3.3-V LVTTL" -to ledo1[6]
set_instance_assignment -name IO_STANDARD "3.3-V LVTTL" -to ledo1[5]
set_instance_assignment -name IO_STANDARD "3.3-V LVTTL" -to ledo1[4]
set_instance_assignment -name IO_STANDARD "3.3-V LVTTL" -to ledo1[3]
set_instance_assignment -name IO_STANDARD "3.3-V LVTTL" -to ledo1[2]
set_instance_assignment -name IO_STANDARD "3.3-V LVTTL" -to ledo1[1]
set_instance_assignment -name IO_STANDARD "3.3-V LVTTL" -to ledo1[0]
set_instance_assignment -name IO_STANDARD "3.3-V LVTTL" -to ledo1
set_instance_assignment -name IO_STANDARD "3.3-V LVTTL" -to ledo2[6]
set_instance_assignment -name IO_STANDARD "3.3-V LVTTL" -to ledo2[5]
set_instance_assignment -name IO_STANDARD "3.3-V LVTTL" -to TxD_ready
set_instance_assignment -name IO_STANDARD "3.3-V LVTTL" -to ledo2[4]
set_instance_assignment -name IO_STANDARD "3.3-V LVTTL" -to ledo2[3]
set_instance_assignment -name IO_STANDARD "3.3-V LVTTL" -to ledo2[2]
set_instance_assignment -name IO_STANDARD "3.3-V LVTTL" -to ledo2[1]
set_instance_assignment -name IO_STANDARD "3.3-V LVTTL" -to ledo2[0]
set_instance_assignment -name IO_STANDARD "3.3-V LVTTL" -to ledo3[6]
set_instance_assignment -name IO_STANDARD "3.3-V LVTTL" -to ledo3[5]
set_instance_assignment -name IO_STANDARD "3.3-V LVTTL" -to ledo3[4]
set_instance_assignment -name IO_STANDARD "3.3-V LVTTL" -to ledo3[3]
set_instance_assignment -name IO_STANDARD "3.3-V LVTTL" -to ledo3[2]
set_instance_assignment -name IO_STANDARD "3.3-V LVTTL" -to ledo3[1]
set_instance_assignment -name IO_STANDARD "3.3-V LVTTL" -to ledo3[0]
set_instance_assignment -name IO_STANDARD "3.3-V LVTTL" -to ledo4[6]
set_instance_assignment -name IO_STANDARD "3.3-V LVTTL" -to ledo4[5]
set_instance_assignment -name IO_STANDARD "3.3-V LVTTL" -to ledo4[4]
set_instance_assignment -name IO_STANDARD "3.3-V LVTTL" -to ledo4[3]
set_instance_assignment -name IO_STANDARD "3.3-V LVTTL" -to ledo4[2]
set_instance_assignment -name IO_STANDARD "3.3-V LVTTL" -to ledo4[1]
set_instance_assignment -name IO_STANDARD "3.3-V LVTTL" -to ledo4[0]
set_instance_assignment -name IO_STANDARD "3.3-V LVTTL" -to ledo5[6]
set_instance_assignment -name IO_STANDARD "3.3-V LVTTL" -to ledo5[5]
set_instance_assignment -name IO_STANDARD "3.3-V LVTTL" -to ledo5[4]
set_instance_assignment -name IO_STANDARD "3.3-V LVTTL" -to ledo5[3]
set_instance_assignment -name IO_STANDARD "3.3-V LVTTL" -to ledo5[2]
set_instance_assignment -name IO_STANDARD "3.3-V LVTTL" -to ledo5[1]
set_instance_assignment -name IO_STANDARD "3.3-V LVTTL" -to ledo5[0]
set_instance_assignment -name IO_STANDARD "3.3-V LVTTL" -to ledo6[6]
set_instance_assignment -name IO_STANDARD "3.3-V LVTTL" -to ledo6[5]
set_instance_assignment -name IO_STANDARD "3.3-V LVTTL" -to ledo6[4]
set_instance_assignment -name IO_STANDARD "3.3-V LVTTL" -to ledo6[3]
set_instance_assignment -name IO_STANDARD "3.3-V LVTTL" -to ledo6[2]
set_instance_assignment -name IO_STANDARD "3.3-V LVTTL" -to ledo6[1]
set_instance_assignment -name IO_STANDARD "3.3-V LVTTL" -to ledo6[0]
set_instance_assignment -name IO_STANDARD "3.3-V LVTTL" -to ledo7[6]
set_instance_assignment -name IO_STANDARD "3.3-V LVTTL" -to ledo7[5]
set_instance_assignment -name IO_STANDARD "3.3-V LVTTL" -to ledo7[4]
set_instance_assignment -name IO_STANDARD "3.3-V LVTTL" -to ledo7[3]
set_instance_assignment -name IO_STANDARD "3.3-V LVTTL" -to ledo7[2]
set_instance_assignment -name IO_STANDARD "3.3-V LVTTL" -to ledo7[1]
set_location_assignment PIN_Y2 -to clk_in
set_location_assignment PIN_AB28 -to step_mode
set_location_assignment PIN_M21 -to step
set_location_assignment PIN_H15 -to DMA_0
set_location_assignment PIN_G15 -to DMA_1
set_location_assignment PIN_G16 -to grant_0
set_location_assignment PIN_F15 -to grant_1
set_location_assignment PIN_G19 -to BUS_req_o
set_location_assignment PIN_E21 -to BUS_ready_o
set_location_assignment PIN_F19 -to BUS_RW_o
set_instance_assignment -name IO_STANDARD "3.3-V LVTTL" -to DMA_1
set_instance_assignment -name IO_STANDARD "3.3-V LVTTL" -to DMA_0
set_instance_assignment -name IO_STANDARD "3.3-V LVTTL" -to BUS_req_o
set_instance_assignment -name IO_STANDARD "3.3-V LVTTL" -to BUS_ready_o
set_instance_assignment -name IO_STANDARD "3.3-V LVTTL" -to BUS_RW_o
set_instance_assignment -name IO_STANDARD "3.3-V LVTTL" -to grant_0
set_instance_assignment -name IO_STANDARD "3.3-V LVTTL" -to grant_1
set_global_assignment -name QIP_FILE pll.qip
set_instance_assignment -name PARTITION_HIERARCHY root_partition -to | -section_id Top